
Microsoft Visual Studio Solution File, Format Version 12.00
# Visual Studio Version 17
VisualStudioVersion = 17.10.35122.118
MinimumVisualStudioVersion = 10.0.40219.1
Project("{FAE04EC0-301F-11D3-BF4B-00C04F79EFBC}") = "ThucHanhLab2", "ThucHanhLab2\ThucHanhLab2.csproj", "{5FD7173D-1699-4249-BDF9-345BA259E1AF}"
EndProject
Global
	GlobalSection(SolutionConfigurationPlatforms) = preSolution
		Debug|Any CPU = Debug|Any CPU
		Release|Any CPU = Release|Any CPU
	EndGlobalSection
	GlobalSection(ProjectConfigurationPlatforms) = postSolution
		{5FD7173D-1699-4249-BDF9-345BA259E1AF}.Debug|Any CPU.ActiveCfg = Debug|Any CPU
		{5FD7173D-1699-4249-BDF9-345BA259E1AF}.Debug|Any CPU.Build.0 = Debug|Any CPU
		{5FD7173D-1699-4249-BDF9-345BA259E1AF}.Release|Any CPU.ActiveCfg = Release|Any CPU
		{5FD7173D-1699-4249-BDF9-345BA259E1AF}.Release|Any CPU.Build.0 = Release|Any CPU
	EndGlobalSection
	GlobalSection(SolutionProperties) = preSolution
		HideSolutionNode = FALSE
	EndGlobalSection
	GlobalSection(ExtensibilityGlobals) = postSolution
		SolutionGuid = {4F485578-6786-4940-A59D-CADB2D766A63}
	EndGlobalSection
EndGlobal
