
Microsoft Visual Studio Solution File, Format Version 12.00
# Visual Studio Version 17
VisualStudioVersion = 17.10.35122.118
MinimumVisualStudioVersion = 10.0.40219.1
Project("{FAE04EC0-301F-11D3-BF4B-00C04F79EFBC}") = "WebApplication10", "WebApplication10\WebApplication10.csproj", "{44D42BEF-C356-43CC-B1E7-91D906D4DC9F}"
EndProject
Global
	GlobalSection(SolutionConfigurationPlatforms) = preSolution
		Debug|Any CPU = Debug|Any CPU
		Release|Any CPU = Release|Any CPU
	EndGlobalSection
	GlobalSection(ProjectConfigurationPlatforms) = postSolution
		{44D42BEF-C356-43CC-B1E7-91D906D4DC9F}.Debug|Any CPU.ActiveCfg = Debug|Any CPU
		{44D42BEF-C356-43CC-B1E7-91D906D4DC9F}.Debug|Any CPU.Build.0 = Debug|Any CPU
		{44D42BEF-C356-43CC-B1E7-91D906D4DC9F}.Release|Any CPU.ActiveCfg = Release|Any CPU
		{44D42BEF-C356-43CC-B1E7-91D906D4DC9F}.Release|Any CPU.Build.0 = Release|Any CPU
	EndGlobalSection
	GlobalSection(SolutionProperties) = preSolution
		HideSolutionNode = FALSE
	EndGlobalSection
	GlobalSection(ExtensibilityGlobals) = postSolution
		SolutionGuid = {EEA320FF-0142-4287-9592-3F9F2D2B82BC}
	EndGlobalSection
EndGlobal
