
Microsoft Visual Studio Solution File, Format Version 12.00
# Visual Studio Version 17
VisualStudioVersion = 17.14.36705.20 d17.14
MinimumVisualStudioVersion = 10.0.40219.1
Project("{FAE04EC0-301F-11D3-BF4B-00C04F79EFBC}") = "XemPhim", "XemPhim\XemPhim.csproj", "{31376BED-0BEE-46B5-A6A2-714219537B9C}"
EndProject
Global
	GlobalSection(SolutionConfigurationPlatforms) = preSolution
		Debug|Any CPU = Debug|Any CPU
		Release|Any CPU = Release|Any CPU
	EndGlobalSection
	GlobalSection(ProjectConfigurationPlatforms) = postSolution
		{31376BED-0BEE-46B5-A6A2-714219537B9C}.Debug|Any CPU.ActiveCfg = Debug|Any CPU
		{31376BED-0BEE-46B5-A6A2-714219537B9C}.Debug|Any CPU.Build.0 = Debug|Any CPU
		{31376BED-0BEE-46B5-A6A2-714219537B9C}.Release|Any CPU.ActiveCfg = Release|Any CPU
		{31376BED-0BEE-46B5-A6A2-714219537B9C}.Release|Any CPU.Build.0 = Release|Any CPU
	EndGlobalSection
	GlobalSection(SolutionProperties) = preSolution
		HideSolutionNode = FALSE
	EndGlobalSection
	GlobalSection(ExtensibilityGlobals) = postSolution
		SolutionGuid = {2622EF9C-0BDA-48AE-8B34-1D47659BE7EB}
	EndGlobalSection
EndGlobal
