
Microsoft Visual Studio Solution File, Format Version 12.00
# Visual Studio Version 17
VisualStudioVersion = 17.10.35122.118
MinimumVisualStudioVersion = 10.0.40219.1
Project("{FAE04EC0-301F-11D3-BF4B-00C04F79EFBC}") = "WebApplication20", "WebApplication20\WebApplication20.csproj", "{006FBD1E-3182-41AD-964D-975E15D46A60}"
EndProject
Global
	GlobalSection(SolutionConfigurationPlatforms) = preSolution
		Debug|Any CPU = Debug|Any CPU
		Release|Any CPU = Release|Any CPU
	EndGlobalSection
	GlobalSection(ProjectConfigurationPlatforms) = postSolution
		{006FBD1E-3182-41AD-964D-975E15D46A60}.Debug|Any CPU.ActiveCfg = Debug|Any CPU
		{006FBD1E-3182-41AD-964D-975E15D46A60}.Debug|Any CPU.Build.0 = Debug|Any CPU
		{006FBD1E-3182-41AD-964D-975E15D46A60}.Release|Any CPU.ActiveCfg = Release|Any CPU
		{006FBD1E-3182-41AD-964D-975E15D46A60}.Release|Any CPU.Build.0 = Release|Any CPU
	EndGlobalSection
	GlobalSection(SolutionProperties) = preSolution
		HideSolutionNode = FALSE
	EndGlobalSection
	GlobalSection(ExtensibilityGlobals) = postSolution
		SolutionGuid = {314CF4FF-AEC6-4F57-8DC1-21EEA9CD2066}
	EndGlobalSection
EndGlobal
