
Microsoft Visual Studio Solution File, Format Version 12.00
# Visual Studio Version 17
VisualStudioVersion = 17.10.35122.118
MinimumVisualStudioVersion = 10.0.40219.1
Project("{FAE04EC0-301F-11D3-BF4B-00C04F79EFBC}") = "BaiKiemTra", "BaiKiemTra\BaiKiemTra.csproj", "{DF3552FD-B18E-4C18-B908-993E93904B9A}"
EndProject
Global
	GlobalSection(SolutionConfigurationPlatforms) = preSolution
		Debug|Any CPU = Debug|Any CPU
		Release|Any CPU = Release|Any CPU
	EndGlobalSection
	GlobalSection(ProjectConfigurationPlatforms) = postSolution
		{DF3552FD-B18E-4C18-B908-993E93904B9A}.Debug|Any CPU.ActiveCfg = Debug|Any CPU
		{DF3552FD-B18E-4C18-B908-993E93904B9A}.Debug|Any CPU.Build.0 = Debug|Any CPU
		{DF3552FD-B18E-4C18-B908-993E93904B9A}.Release|Any CPU.ActiveCfg = Release|Any CPU
		{DF3552FD-B18E-4C18-B908-993E93904B9A}.Release|Any CPU.Build.0 = Release|Any CPU
	EndGlobalSection
	GlobalSection(SolutionProperties) = preSolution
		HideSolutionNode = FALSE
	EndGlobalSection
	GlobalSection(ExtensibilityGlobals) = postSolution
		SolutionGuid = {A9AE020C-1822-4D7D-99CD-E27B38742576}
	EndGlobalSection
EndGlobal
