
Microsoft Visual Studio Solution File, Format Version 12.00
# Visual Studio Version 17
VisualStudioVersion = 17.14.36705.20
MinimumVisualStudioVersion = 10.0.40219.1
Project("{FAE04EC0-301F-11D3-BF4B-00C04F79EFBC}") = "OnT", "OnT\OnT.csproj", "{CDBFFD3D-668E-4934-A6BE-AAEEDAD69390}"
EndProject
Project("{FAE04EC0-301F-11D3-BF4B-00C04F79EFBC}") = "Linq", "Linq\Linq.csproj", "{57A28F47-F2F7-4012-BF2D-33BD2AB66F17}"
EndProject
Global
	GlobalSection(SolutionConfigurationPlatforms) = preSolution
		Debug|Any CPU = Debug|Any CPU
		Release|Any CPU = Release|Any CPU
	EndGlobalSection
	GlobalSection(ProjectConfigurationPlatforms) = postSolution
		{CDBFFD3D-668E-4934-A6BE-AAEEDAD69390}.Debug|Any CPU.ActiveCfg = Debug|Any CPU
		{CDBFFD3D-668E-4934-A6BE-AAEEDAD69390}.Debug|Any CPU.Build.0 = Debug|Any CPU
		{CDBFFD3D-668E-4934-A6BE-AAEEDAD69390}.Release|Any CPU.ActiveCfg = Release|Any CPU
		{CDBFFD3D-668E-4934-A6BE-AAEEDAD69390}.Release|Any CPU.Build.0 = Release|Any CPU
		{57A28F47-F2F7-4012-BF2D-33BD2AB66F17}.Debug|Any CPU.ActiveCfg = Debug|Any CPU
		{57A28F47-F2F7-4012-BF2D-33BD2AB66F17}.Debug|Any CPU.Build.0 = Debug|Any CPU
		{57A28F47-F2F7-4012-BF2D-33BD2AB66F17}.Release|Any CPU.ActiveCfg = Release|Any CPU
		{57A28F47-F2F7-4012-BF2D-33BD2AB66F17}.Release|Any CPU.Build.0 = Release|Any CPU
	EndGlobalSection
	GlobalSection(SolutionProperties) = preSolution
		HideSolutionNode = FALSE
	EndGlobalSection
	GlobalSection(ExtensibilityGlobals) = postSolution
		SolutionGuid = {13237E1C-2CA3-47D4-9D2C-3264D96CB499}
	EndGlobalSection
EndGlobal
