
Microsoft Visual Studio Solution File, Format Version 12.00
# Visual Studio Version 17
VisualStudioVersion = 17.10.35122.118
MinimumVisualStudioVersion = 10.0.40219.1
Project("{FAE04EC0-301F-11D3-BF4B-00C04F79EFBC}") = "GiaoDienCSDL", "GiaoDienCSDL\GiaoDienCSDL.csproj", "{DA866456-0C42-4293-BFE3-A294B21C08DF}"
EndProject
Global
	GlobalSection(SolutionConfigurationPlatforms) = preSolution
		Debug|Any CPU = Debug|Any CPU
		Release|Any CPU = Release|Any CPU
	EndGlobalSection
	GlobalSection(ProjectConfigurationPlatforms) = postSolution
		{DA866456-0C42-4293-BFE3-A294B21C08DF}.Debug|Any CPU.ActiveCfg = Debug|Any CPU
		{DA866456-0C42-4293-BFE3-A294B21C08DF}.Debug|Any CPU.Build.0 = Debug|Any CPU
		{DA866456-0C42-4293-BFE3-A294B21C08DF}.Release|Any CPU.ActiveCfg = Release|Any CPU
		{DA866456-0C42-4293-BFE3-A294B21C08DF}.Release|Any CPU.Build.0 = Release|Any CPU
	EndGlobalSection
	GlobalSection(SolutionProperties) = preSolution
		HideSolutionNode = FALSE
	EndGlobalSection
	GlobalSection(ExtensibilityGlobals) = postSolution
		SolutionGuid = {EE8976FA-DBD2-4FEB-92BB-257BA819B54F}
	EndGlobalSection
EndGlobal
