
Microsoft Visual Studio Solution File, Format Version 12.00
# Visual Studio Version 17
VisualStudioVersion = 17.10.35122.118
MinimumVisualStudioVersion = 10.0.40219.1
Project("{FAE04EC0-301F-11D3-BF4B-00C04F79EFBC}") = "Bai15", "Bai15\Bai15.csproj", "{5D2C81DF-6E35-4F71-9C8B-8721D677610B}"
EndProject
Global
	GlobalSection(SolutionConfigurationPlatforms) = preSolution
		Debug|Any CPU = Debug|Any CPU
		Release|Any CPU = Release|Any CPU
	EndGlobalSection
	GlobalSection(ProjectConfigurationPlatforms) = postSolution
		{5D2C81DF-6E35-4F71-9C8B-8721D677610B}.Debug|Any CPU.ActiveCfg = Debug|Any CPU
		{5D2C81DF-6E35-4F71-9C8B-8721D677610B}.Debug|Any CPU.Build.0 = Debug|Any CPU
		{5D2C81DF-6E35-4F71-9C8B-8721D677610B}.Release|Any CPU.ActiveCfg = Release|Any CPU
		{5D2C81DF-6E35-4F71-9C8B-8721D677610B}.Release|Any CPU.Build.0 = Release|Any CPU
	EndGlobalSection
	GlobalSection(SolutionProperties) = preSolution
		HideSolutionNode = FALSE
	EndGlobalSection
	GlobalSection(ExtensibilityGlobals) = postSolution
		SolutionGuid = {0285A164-F414-4EE9-AF16-2CB2C712F45A}
	EndGlobalSection
EndGlobal
